
Microsoft Visual Studio Solution File, Format Version 12.00
# Visual Studio Version 17
VisualStudioVersion = 17.0.31903.59
MinimumVisualStudioVersion = 10.0.40219.1
Project("{2150E333-8FDC-42A3-9474-1A3956D46DE8}") = "src", "src", "{827E0CD3-B72D-47B6-A68D-7590B98EB39B}"
EndProject
Project("{FAE04EC0-301F-11D3-BF4B-00C04F79EFBC}") = "TTMS.Web", "src\TTMS.Web\TTMS.Web.csproj", "{56C4C9B1-DCAA-47C9-857B-4780039A40FB}"
EndProject
Project("{FAE04EC0-301F-11D3-BF4B-00C04F79EFBC}") = "TTMS.Tests", "src\TTMS.Tests\TTMS.Tests.csproj", "{2945E10A-5546-4097-A09F-AEFBB3E6F677}"
EndProject
Global
	GlobalSection(SolutionConfigurationPlatforms) = preSolution
		Debug|Any CPU = Debug|Any CPU
		Debug|x64 = Debug|x64
		Debug|x86 = Debug|x86
		Release|Any CPU = Release|Any CPU
		Release|x64 = Release|x64
		Release|x86 = Release|x86
	EndGlobalSection
	GlobalSection(ProjectConfigurationPlatforms) = postSolution
		{56C4C9B1-DCAA-47C9-857B-4780039A40FB}.Debug|Any CPU.ActiveCfg = Debug|Any CPU
		{56C4C9B1-DCAA-47C9-857B-4780039A40FB}.Debug|Any CPU.Build.0 = Debug|Any CPU
		{56C4C9B1-DCAA-47C9-857B-4780039A40FB}.Debug|x64.ActiveCfg = Debug|Any CPU
		{56C4C9B1-DCAA-47C9-857B-4780039A40FB}.Debug|x64.Build.0 = Debug|Any CPU
		{56C4C9B1-DCAA-47C9-857B-4780039A40FB}.Debug|x86.ActiveCfg = Debug|Any CPU
		{56C4C9B1-DCAA-47C9-857B-4780039A40FB}.Debug|x86.Build.0 = Debug|Any CPU
		{56C4C9B1-DCAA-47C9-857B-4780039A40FB}.Release|Any CPU.ActiveCfg = Release|Any CPU
		{56C4C9B1-DCAA-47C9-857B-4780039A40FB}.Release|Any CPU.Build.0 = Release|Any CPU
		{56C4C9B1-DCAA-47C9-857B-4780039A40FB}.Release|x64.ActiveCfg = Release|Any CPU
		{56C4C9B1-DCAA-47C9-857B-4780039A40FB}.Release|x64.Build.0 = Release|Any CPU
		{56C4C9B1-DCAA-47C9-857B-4780039A40FB}.Release|x86.ActiveCfg = Release|Any CPU
		{56C4C9B1-DCAA-47C9-857B-4780039A40FB}.Release|x86.Build.0 = Release|Any CPU
		{2945E10A-5546-4097-A09F-AEFBB3E6F677}.Debug|Any CPU.ActiveCfg = Debug|Any CPU
		{2945E10A-5546-4097-A09F-AEFBB3E6F677}.Debug|Any CPU.Build.0 = Debug|Any CPU
		{2945E10A-5546-4097-A09F-AEFBB3E6F677}.Debug|x64.ActiveCfg = Debug|Any CPU
		{2945E10A-5546-4097-A09F-AEFBB3E6F677}.Debug|x64.Build.0 = Debug|Any CPU
		{2945E10A-5546-4097-A09F-AEFBB3E6F677}.Debug|x86.ActiveCfg = Debug|Any CPU
		{2945E10A-5546-4097-A09F-AEFBB3E6F677}.Debug|x86.Build.0 = Debug|Any CPU
		{2945E10A-5546-4097-A09F-AEFBB3E6F677}.Release|Any CPU.ActiveCfg = Release|Any CPU
		{2945E10A-5546-4097-A09F-AEFBB3E6F677}.Release|Any CPU.Build.0 = Release|Any CPU
		{2945E10A-5546-4097-A09F-AEFBB3E6F677}.Release|x64.ActiveCfg = Release|Any CPU
		{2945E10A-5546-4097-A09F-AEFBB3E6F677}.Release|x64.Build.0 = Release|Any CPU
		{2945E10A-5546-4097-A09F-AEFBB3E6F677}.Release|x86.ActiveCfg = Release|Any CPU
		{2945E10A-5546-4097-A09F-AEFBB3E6F677}.Release|x86.Build.0 = Release|Any CPU
	EndGlobalSection
	GlobalSection(SolutionProperties) = preSolution
		HideSolutionNode = FALSE
	EndGlobalSection
	GlobalSection(NestedProjects) = preSolution
		{56C4C9B1-DCAA-47C9-857B-4780039A40FB} = {827E0CD3-B72D-47B6-A68D-7590B98EB39B}
		{2945E10A-5546-4097-A09F-AEFBB3E6F677} = {827E0CD3-B72D-47B6-A68D-7590B98EB39B}
	EndGlobalSection
EndGlobal
